{
  "nodes": {
    "nixpkgs": {
      "inputs": {
        "nixpkgs": "nixpkgs_2"
      },
      "locked": {
        "lastModified": 1789996011,
        "narHash": "sha256-uVipDtuIRGOuVwBawgAPCztbI8WLjl+zckUWlXs9da0=",
        "owner": "nix-ocaml",
        "repo": "nix-overlays",
        "rev": "c6ac572c10165ba07f94fc54f683cb311d721877",
        "type": "github"
      },
      "original": {
        "owner": "nix-ocaml",
        "repo": "nix-overlays",
        "type": "github"
      }
    },
    "nixpkgs_2": {
      "locked": {
        "lastModified": 1789844176,
        "narHash": "sha256-eaRzSAxpJwnr2Imug6prPsN7xhtnk4cj3ZTopGJOgiY=",
        "rev": "79b35bf0bda5cd110f856aa5b5b2c5ba4460dbf5",
        "type": "tarball",
        "url": "https://releases.nixos.org/nixpkgs/nixpkgs-26.11pre1076565.79b35bf0bda5/nixexprs.tar.zst"
      },
      "original": {
        "owner": "NixOS",
        "repo": "nixpkgs",
        "rev": "5c5a02c7416078a09086be7a957ee8b5d3234607",
        "type": "github"
      }
    },
    "root": {
      "inputs": {
        "nixpkgs": "nixpkgs",
        "treefmt-nix": "treefmt-nix"
      }
    },
    "treefmt-nix": {
      "inputs": {
        "nixpkgs": [
          "nixpkgs"
        ]
      },
      "locked": {
        "lastModified": 1786901030,
        "narHash": "sha256-WSFCsDSE5ffgD2MqzkM2CYjeFiKhRF/dJUN8uedb6YE=",
        "owner": "numtide",
        "repo": "treefmt-nix",
        "rev": "27b3b12a8e6375f28ebe122f07d230ca5459bbfa",
        "type": "github"
      },
      "original": {
        "owner": "numtide",
        "repo": "treefmt-nix",
        "type": "github"
      }
    }
  },
  "root": "root",
  "version": 7
}
